
Microsoft Visual Studio Solution File, Format Version 12.00
# Visual Studio Version 16
VisualStudioVersion = 16.0.31129.286
MinimumVisualStudioVersion = 10.0.40219.1
Project("{9A19103F-16F7-4668-BE54-9A1E7A4F7556}") = "SchoolDatabase", "SchoolDatabase\SchoolDatabase.csproj", "{A76B4488-EEDE-43A5-9BB2-8FA7C733E751}"
EndProject
Project("{FAE04EC0-301F-11D3-BF4B-00C04F79EFBC}") = "SchoolDatabaseTests2", "SchoolDatabaseTests2\SchoolDatabaseTests2.csproj", "{62336AC9-B0E1-4167-9A71-F64F9A8C5740}"
EndProject
Global
	GlobalSection(SolutionConfigurationPlatforms) = preSolution
		Debug|Any CPU = Debug|Any CPU
		Release|Any CPU = Release|Any CPU
	EndGlobalSection
	GlobalSection(ProjectConfigurationPlatforms) = postSolution
		{A76B4488-EEDE-43A5-9BB2-8FA7C733E751}.Debug|Any CPU.ActiveCfg = Debug|Any CPU
		{A76B4488-EEDE-43A5-9BB2-8FA7C733E751}.Debug|Any CPU.Build.0 = Debug|Any CPU
		{A76B4488-EEDE-43A5-9BB2-8FA7C733E751}.Release|Any CPU.ActiveCfg = Release|Any CPU
		{A76B4488-EEDE-43A5-9BB2-8FA7C733E751}.Release|Any CPU.Build.0 = Release|Any CPU
		{62336AC9-B0E1-4167-9A71-F64F9A8C5740}.Debug|Any CPU.ActiveCfg = Debug|Any CPU
		{62336AC9-B0E1-4167-9A71-F64F9A8C5740}.Debug|Any CPU.Build.0 = Debug|Any CPU
		{62336AC9-B0E1-4167-9A71-F64F9A8C5740}.Release|Any CPU.ActiveCfg = Release|Any CPU
		{62336AC9-B0E1-4167-9A71-F64F9A8C5740}.Release|Any CPU.Build.0 = Release|Any CPU
	EndGlobalSection
	GlobalSection(SolutionProperties) = preSolution
		HideSolutionNode = FALSE
	EndGlobalSection
	GlobalSection(ExtensibilityGlobals) = postSolution
		SolutionGuid = {2CCF51E7-B49F-4C2B-90B8-CF209A9CD78E}
	EndGlobalSection
EndGlobal
